
Microsoft Visual Studio Solution File, Format Version 12.00
# Visual Studio Version 16
VisualStudioVersion = 16.0.31424.327
MinimumVisualStudioVersion = 10.0.40219.1
Project("{9A19103F-16F7-4668-BE54-9A1E7A4F7556}") = "MagicUI", "MagicUI.csproj", "{7569E1B6-7D55-476D-9449-AA035F785EA4}"
EndProject
Project("{FAE04EC0-301F-11D3-BF4B-00C04F79EFBC}") = "MagicUIDemo", "MagicUIDemo\MagicUIDemo.csproj", "{2509DCB7-C279-4698-8C8C-2989FEF34410}"
EndProject
Global
	GlobalSection(SolutionConfigurationPlatforms) = preSolution
		Debug|Any CPU = Debug|Any CPU
		Release|Any CPU = Release|Any CPU
	EndGlobalSection
	GlobalSection(ProjectConfigurationPlatforms) = postSolution
		{7569E1B6-7D55-476D-9449-AA035F785EA4}.Debug|Any CPU.ActiveCfg = Debug|Any CPU
		{7569E1B6-7D55-476D-9449-AA035F785EA4}.Debug|Any CPU.Build.0 = Debug|Any CPU
		{7569E1B6-7D55-476D-9449-AA035F785EA4}.Release|Any CPU.ActiveCfg = Release|Any CPU
		{7569E1B6-7D55-476D-9449-AA035F785EA4}.Release|Any CPU.Build.0 = Release|Any CPU
		{2509DCB7-C279-4698-8C8C-2989FEF34410}.Debug|Any CPU.ActiveCfg = Debug|Any CPU
		{2509DCB7-C279-4698-8C8C-2989FEF34410}.Debug|Any CPU.Build.0 = Debug|Any CPU
		{2509DCB7-C279-4698-8C8C-2989FEF34410}.Release|Any CPU.ActiveCfg = Release|Any CPU
		{2509DCB7-C279-4698-8C8C-2989FEF34410}.Release|Any CPU.Build.0 = Release|Any CPU
	EndGlobalSection
	GlobalSection(SolutionProperties) = preSolution
		HideSolutionNode = FALSE
	EndGlobalSection
	GlobalSection(ExtensibilityGlobals) = postSolution
		SolutionGuid = {EE6EB0EE-24D7-4CB0-A5D8-76C2396681AD}
	EndGlobalSection
EndGlobal
